
Microsoft Visual Studio Solution File, Format Version 12.00
# Visual Studio 15
VisualStudioVersion = 15.0.26124.0
MinimumVisualStudioVersion = 15.0.26124.0
Project("{FAE04EC0-301F-11D3-BF4B-00C04F79EFBC}") = "Domain", "Domain\Domain.csproj", "{4F864C64-26FC-4C40-94D8-B17355604FB3}"
EndProject
Project("{FAE04EC0-301F-11D3-BF4B-00C04F79EFBC}") = "Application", "Application\Application.csproj", "{4DA8E85F-6105-4887-ABBA-3D9DC4046E5A}"
EndProject
Project("{FAE04EC0-301F-11D3-BF4B-00C04F79EFBC}") = "Persistence", "Persistence\Persistence.csproj", "{438F902A-17A7-4631-9550-D2E0506E4403}"
EndProject
Project("{FAE04EC0-301F-11D3-BF4B-00C04F79EFBC}") = "API", "API\API.csproj", "{E4420A97-BEC8-4AE7-88D2-0EFE1260854A}"
EndProject
Global
	GlobalSection(SolutionConfigurationPlatforms) = preSolution
		Debug|Any CPU = Debug|Any CPU
		Debug|x64 = Debug|x64
		Debug|x86 = Debug|x86
		Release|Any CPU = Release|Any CPU
		Release|x64 = Release|x64
		Release|x86 = Release|x86
	EndGlobalSection
	GlobalSection(SolutionProperties) = preSolution
		HideSolutionNode = FALSE
	EndGlobalSection
	GlobalSection(ProjectConfigurationPlatforms) = postSolution
		{4F864C64-26FC-4C40-94D8-B17355604FB3}.Debug|Any CPU.ActiveCfg = Debug|Any CPU
		{4F864C64-26FC-4C40-94D8-B17355604FB3}.Debug|Any CPU.Build.0 = Debug|Any CPU
		{4F864C64-26FC-4C40-94D8-B17355604FB3}.Debug|x64.ActiveCfg = Debug|Any CPU
		{4F864C64-26FC-4C40-94D8-B17355604FB3}.Debug|x64.Build.0 = Debug|Any CPU
		{4F864C64-26FC-4C40-94D8-B17355604FB3}.Debug|x86.ActiveCfg = Debug|Any CPU
		{4F864C64-26FC-4C40-94D8-B17355604FB3}.Debug|x86.Build.0 = Debug|Any CPU
		{4F864C64-26FC-4C40-94D8-B17355604FB3}.Release|Any CPU.ActiveCfg = Release|Any CPU
		{4F864C64-26FC-4C40-94D8-B17355604FB3}.Release|Any CPU.Build.0 = Release|Any CPU
		{4F864C64-26FC-4C40-94D8-B17355604FB3}.Release|x64.ActiveCfg = Release|Any CPU
		{4F864C64-26FC-4C40-94D8-B17355604FB3}.Release|x64.Build.0 = Release|Any CPU
		{4F864C64-26FC-4C40-94D8-B17355604FB3}.Release|x86.ActiveCfg = Release|Any CPU
		{4F864C64-26FC-4C40-94D8-B17355604FB3}.Release|x86.Build.0 = Release|Any CPU
		{4DA8E85F-6105-4887-ABBA-3D9DC4046E5A}.Debug|Any CPU.ActiveCfg = Debug|Any CPU
		{4DA8E85F-6105-4887-ABBA-3D9DC4046E5A}.Debug|Any CPU.Build.0 = Debug|Any CPU
		{4DA8E85F-6105-4887-ABBA-3D9DC4046E5A}.Debug|x64.ActiveCfg = Debug|Any CPU
		{4DA8E85F-6105-4887-ABBA-3D9DC4046E5A}.Debug|x64.Build.0 = Debug|Any CPU
		{4DA8E85F-6105-4887-ABBA-3D9DC4046E5A}.Debug|x86.ActiveCfg = Debug|Any CPU
		{4DA8E85F-6105-4887-ABBA-3D9DC4046E5A}.Debug|x86.Build.0 = Debug|Any CPU
		{4DA8E85F-6105-4887-ABBA-3D9DC4046E5A}.Release|Any CPU.ActiveCfg = Release|Any CPU
		{4DA8E85F-6105-4887-ABBA-3D9DC4046E5A}.Release|Any CPU.Build.0 = Release|Any CPU
		{4DA8E85F-6105-4887-ABBA-3D9DC4046E5A}.Release|x64.ActiveCfg = Release|Any CPU
		{4DA8E85F-6105-4887-ABBA-3D9DC4046E5A}.Release|x64.Build.0 = Release|Any CPU
		{4DA8E85F-6105-4887-ABBA-3D9DC4046E5A}.Release|x86.ActiveCfg = Release|Any CPU
		{4DA8E85F-6105-4887-ABBA-3D9DC4046E5A}.Release|x86.Build.0 = Release|Any CPU
		{438F902A-17A7-4631-9550-D2E0506E4403}.Debug|Any CPU.ActiveCfg = Debug|Any CPU
		{438F902A-17A7-4631-9550-D2E0506E4403}.Debug|Any CPU.Build.0 = Debug|Any CPU
		{438F902A-17A7-4631-9550-D2E0506E4403}.Debug|x64.ActiveCfg = Debug|Any CPU
		{438F902A-17A7-4631-9550-D2E0506E4403}.Debug|x64.Build.0 = Debug|Any CPU
		{438F902A-17A7-4631-9550-D2E0506E4403}.Debug|x86.ActiveCfg = Debug|Any CPU
		{438F902A-17A7-4631-9550-D2E0506E4403}.Debug|x86.Build.0 = Debug|Any CPU
		{438F902A-17A7-4631-9550-D2E0506E4403}.Release|Any CPU.ActiveCfg = Release|Any CPU
		{438F902A-17A7-4631-9550-D2E0506E4403}.Release|Any CPU.Build.0 = Release|Any CPU
		{438F902A-17A7-4631-9550-D2E0506E4403}.Release|x64.ActiveCfg = Release|Any CPU
		{438F902A-17A7-4631-9550-D2E0506E4403}.Release|x64.Build.0 = Release|Any CPU
		{438F902A-17A7-4631-9550-D2E0506E4403}.Release|x86.ActiveCfg = Release|Any CPU
		{438F902A-17A7-4631-9550-D2E0506E4403}.Release|x86.Build.0 = Release|Any CPU
		{E4420A97-BEC8-4AE7-88D2-0EFE1260854A}.Debug|Any CPU.ActiveCfg = Debug|Any CPU
		{E4420A97-BEC8-4AE7-88D2-0EFE1260854A}.Debug|Any CPU.Build.0 = Debug|Any CPU
		{E4420A97-BEC8-4AE7-88D2-0EFE1260854A}.Debug|x64.ActiveCfg = Debug|Any CPU
		{E4420A97-BEC8-4AE7-88D2-0EFE1260854A}.Debug|x64.Build.0 = Debug|Any CPU
		{E4420A97-BEC8-4AE7-88D2-0EFE1260854A}.Debug|x86.ActiveCfg = Debug|Any CPU
		{E4420A97-BEC8-4AE7-88D2-0EFE1260854A}.Debug|x86.Build.0 = Debug|Any CPU
		{E4420A97-BEC8-4AE7-88D2-0EFE1260854A}.Release|Any CPU.ActiveCfg = Release|Any CPU
		{E4420A97-BEC8-4AE7-88D2-0EFE1260854A}.Release|Any CPU.Build.0 = Release|Any CPU
		{E4420A97-BEC8-4AE7-88D2-0EFE1260854A}.Release|x64.ActiveCfg = Release|Any CPU
		{E4420A97-BEC8-4AE7-88D2-0EFE1260854A}.Release|x64.Build.0 = Release|Any CPU
		{E4420A97-BEC8-4AE7-88D2-0EFE1260854A}.Release|x86.ActiveCfg = Release|Any CPU
		{E4420A97-BEC8-4AE7-88D2-0EFE1260854A}.Release|x86.Build.0 = Release|Any CPU
	EndGlobalSection
EndGlobal
